github.com/nikhilphatak1/go-git-it v0.0.0-20201115221538-4a8b04258dc9 h1:m1Euo6nvtM+ceijP7gYEDBU1qU1r1XcQ6naeSxcsEjE=
github.com/nikhilphatak1/go-git-it v0.0.0-20201115221538-4a8b04258dc9/go.mod h1:0OOqoeJc5vFbiEw6S1VEhW7Nq0hwl0E8aZ+xvUBDAeE=
github.com/nikhilphatak1/got v0.0.0-20201115221538-4a8b04258dc9 h1:m1Euo6nvtM+ceijP7gYEDBU1qU1r1XcQ6naeSxcsEjE=
github.com/nikhilphatak1/got v0.0.0-20201115221538-4a8b04258dc9/go.mod h1:0OOqoeJc5vFbiEw6S1VEhW7Nq0hwl0E8aZ+xvUBDAeE=
